
Microsoft Visual Studio Solution File, Format Version 12.00
# Visual Studio 15
VisualStudioVersion = 15.0.28010.2003
MinimumVisualStudioVersion = 10.0.40219.1
Project("{FAE04EC0-301F-11D3-BF4B-00C04F79EFBC}") = "SecureNotebook", "SecureNotebook\SecureNotebook.csproj", "{45CF6EA8-7EB2-460F-84B2-51A0072B64FF}"
EndProject
Global
	GlobalSection(SolutionConfigurationPlatforms) = preSolution
		Debug|Any CPU = Debug|Any CPU
		Release|Any CPU = Release|Any CPU
	EndGlobalSection
	GlobalSection(ProjectConfigurationPlatforms) = postSolution
		{45CF6EA8-7EB2-460F-84B2-51A0072B64FF}.Debug|Any CPU.ActiveCfg = Debug|Any CPU
		{45CF6EA8-7EB2-460F-84B2-51A0072B64FF}.Debug|Any CPU.Build.0 = Debug|Any CPU
		{45CF6EA8-7EB2-460F-84B2-51A0072B64FF}.Release|Any CPU.ActiveCfg = Release|Any CPU
		{45CF6EA8-7EB2-460F-84B2-51A0072B64FF}.Release|Any CPU.Build.0 = Release|Any CPU
	EndGlobalSection
	GlobalSection(SolutionProperties) = preSolution
		HideSolutionNode = FALSE
	EndGlobalSection
	GlobalSection(ExtensibilityGlobals) = postSolution
		SolutionGuid = {C14A8C44-94E2-464B-A29F-3B4DD1304D8F}
	EndGlobalSection
EndGlobal
